// !$*UTF8*$!
{
	archiveVersion = 1;
	classes = {
	};
	objectVersion = 46;
	objects = {

/* Begin PBXBuildFile section */
		0F81E2C11C73499400AC5B80 /* main.m in Sources */ = {isa = PBXBuildFile; fileRef = 0F81E2C01C73499400AC5B80 /* main.m */; };
		0F81E2C41C73499500AC5B80 /* AppDelegate.m in Sources */ = {isa = PBXBuildFile; fileRef = 0F81E2C31C73499500AC5B80 /* AppDelegate.m */; };
		0F81E2C71C73499500AC5B80 /* ViewController.m in Sources */ = {isa = PBXBuildFile; fileRef = 0F81E2C61C73499500AC5B80 /* ViewController.m */; };
		0F81E2CA1C73499500AC5B80 /* Main.storyboard in Resources */ = {isa = PBXBuildFile; fileRef = 0F81E2C81C73499500AC5B80 /* Main.storyboard */; };
		0F81E2CC1C73499500AC5B80 /* Assets.xcassets in Resources */ = {isa = PBXBuildFile; fileRef = 0F81E2CB1C73499500AC5B80 /* Assets.xcassets */; };
		0F81E2CF1C73499500AC5B80 /* LaunchScreen.storyboard in Resources */ = {isa = PBXBuildFile; fileRef = 0F81E2CD1C73499500AC5B80 /* LaunchScreen.storyboard */; };
/* End PBXBuildFile section */

/* Begin PBXFileReference section */
		0F81E2BC1C73499400AC5B80 /* 03-base64加密.app */ = {isa = PBXFileReference; explicitFileType = wrapper.application; includeInIndex = 0; path = "03-base64加密.app"; sourceTree = BUILT_PRODUCTS_DIR; };
		0F81E2C01C73499400AC5B80 /* main.m */ = {isa = PBXFileReference; lastKnownFileType = sourcecode.c.objc; path = main.m; sourceTree = "<group>"; };
		0F81E2C21C73499400AC5B80 /* AppDelegate.h */ = {isa = PBXFileReference; lastKnownFileType = sourcecode.c.h; path = AppDelegate.h; sourceTree = "<group>"; };
		0F81E2C31C73499500AC5B80 /* AppDelegate.m */ = {isa = PBXFileReference; lastKnownFileType = sourcecode.c.objc; path = AppDelegate.m; sourceTree = "<group>"; };
		0F81E2C51C73499500AC5B80 /* ViewController.h */ = {isa = PBXFileReference; lastKnownFileType = sourcecode.c.h; path = ViewController.h; sourceTree = "<group>"; };
		0F81E2C61C73499500AC5B80 /* ViewController.m */ = {isa = PBXFileReference; lastKnownFileType = sourcecode.c.objc; path = ViewController.m; sourceTree = "<group>"; };
		0F81E2C91C73499500AC5B80 /* Base */ = {isa = PBXFileReference; lastKnownFileType = file.storyboard; name = Base; path = Base.lproj/Main.storyboard; sourceTree = "<group>"; };
		0F81E2CB1C73499500AC5B80 /* Assets.xcassets */ = {isa = PBXFileReference; lastKnownFileType = folder.assetcatalog; path = Assets.xcassets; sourceTree = "<group>"; };
		0F81E2CE1C73499500AC5B80 /* Base */ = {isa = PBXFileReference; lastKnownFileType = file.storyboard; name = Base; path = Base.lproj/LaunchScreen.storyboard; sourceTree = "<group>"; };
		0F81E2D01C73499500AC5B80 /* Info.plist */ = {isa = PBXFileReference; lastKnownFileType = text.plist.xml; path = Info.plist; sourceTree = "<group>"; };
/* End PBXFileReference section */

/* Begin PBXFrameworksBuildPhase section */
		0F81E2B91C73499400AC5B80 /* Frameworks */ = {
			isa = PBXFrameworksBuildPhase;
			buildActionMask = 2147483647;
			files = (
			);
			runOnlyForDeploymentPostprocessing = 0;
		};
/* End PBXFrameworksBuildPhase section */

/* Begin PBXGroup section */
		0F81E2B31C73499400AC5B80 = {
			isa = PBXGroup;
			children = (
				0F81E2BE1C73499400AC5B80 /* 03-base64加密 */,
				0F81E2BD1C73499400AC5B80 /* Products */,
			);
			sourceTree = "<group>";
		};
		0F81E2BD1C73499400AC5B80 /* Products */ = {
			isa = PBXGroup;
			children = (
				0F81E2BC1C73499400AC5B80 /* 03-base64加密.app */,
			);
			name = Products;
			sourceTree = "<group>";
		};
		0F81E2BE1C73499400AC5B80 /* 03-base64加密 */ = {
			isa = PBXGroup;
			children = (
				0F81E2C21C73499400AC5B80 /* AppDelegate.h */,
				0F81E2C31C73499500AC5B80 /* AppDelegate.m */,
				0F81E2C51C73499500AC5B80 /* ViewController.h */,
				0F81E2C61C73499500AC5B80 /* ViewController.m */,
				0F81E2C81C73499500AC5B80 /* Main.storyboard */,
				0F81E2CB1C73499500AC5B80 /* Assets.xcassets */,
				0F81E2CD1C73499500AC5B80 /* LaunchScreen.storyboard */,
				0F81E2D01C73499500AC5B80 /* Info.plist */,
				0F81E2BF1C73499400AC5B80 /* Supporting Files */,
			);
			path = "03-base64加密";
			sourceTree = "<group>";
		};
		0F81E2BF1C73499400AC5B80 /* Supporting Files */ = {
			isa = PBXGroup;
			children = (
				0F81E2C01C73499400AC5B80 /* main.m */,
			);
			name = "Supporting Files";
			sourceTree = "<group>";
		};
/* End PBXGroup section */

/* Begin PBXNativeTarget section */
		0F81E2BB1C73499400AC5B80 /* 03-base64加密 */ = {
			isa = PBXNativeTarget;
			buildConfigurationList = 0F81E2D31C73499500AC5B80 /* Build configuration list for PBXNativeTarget "03-base64加密" */;
			buildPhases = (
				0F81E2B81C73499400AC5B80 /* Sources */,
				0F81E2B91C73499400AC5B80 /* Frameworks */,
				0F81E2BA1C73499400AC5B80 /* Resources */,
			);
			buildRules = (
			);
			dependencies = (
			);
			name = "03-base64加密";
			productName = "03-base64加密";
			productReference = 0F81E2BC1C73499400AC5B80 /* 03-base64加密.app */;
			productType = "com.apple.product-type.application";
		};
/* End PBXNativeTarget section */

/* Begin PBXProject section */
		0F81E2B41C73499400AC5B80 /* Project object */ = {
			isa = PBXProject;
			attributes = {
				LastUpgradeCheck = 0720;
				ORGANIZATIONNAME = "王鹏飞";
				TargetAttributes = {
					0F81E2BB1C73499400AC5B80 = {
						CreatedOnToolsVersion = 7.2;
						DevelopmentTeam = ST685X75RG;
					};
				};
			};
			buildConfigurationList = 0F81E2B71C73499400AC5B80 /* Build configuration list for PBXProject "03-base64加密" */;
			compatibilityVersion = "Xcode 3.2";
			developmentRegion = English;
			hasScannedForEncodings = 0;
			knownRegions = (
				en,
				Base,
			);
			mainGroup = 0F81E2B31C73499400AC5B80;
			productRefGroup = 0F81E2BD1C73499400AC5B80 /* Products */;
			projectDirPath = "";
			projectRoot = "";
			targets = (
				0F81E2BB1C73499400AC5B80 /* 03-base64加密 */,
			);
		};
/* End PBXProject section */

/* Begin PBXResourcesBuildPhase section */
		0F81E2BA1C73499400AC5B80 /* Resources */ = {
			isa = PBXResourcesBuildPhase;
			buildActionMask = 2147483647;
			files = (
				0F81E2CF1C73499500AC5B80 /* LaunchScreen.storyboard in Resources */,
				0F81E2CC1C73499500AC5B80 /* Assets.xcassets in Resources */,
				0F81E2CA1C73499500AC5B80 /* Main.storyboard in Resources */,
			);
			runOnlyForDeploymentPostprocessing = 0;
		};
/* End PBXResourcesBuildPhase section */

/* Begin PBXSourcesBuildPhase section */
		0F81E2B81C73499400AC5B80 /* Sources */ = {
			isa = PBXSourcesBuildPhase;
			buildActionMask = 2147483647;
			files = (
				0F81E2C71C73499500AC5B80 /* ViewController.m in Sources */,
				0F81E2C41C73499500AC5B80 /* AppDelegate.m in Sources */,
				0F81E2C11C73499400AC5B80 /* main.m in Sources */,
			);
			runOnlyForDeploymentPostprocessing = 0;
		};
/* End PBXSourcesBuildPhase section */

/* Begin PBXVariantGroup section */
		0F81E2C81C73499500AC5B80 /* Main.storyboard */ = {
			isa = PBXVariantGroup;
			children = (
				0F81E2C91C73499500AC5B80 /* Base */,
			);
			name = Main.storyboard;
			sourceTree = "<group>";
		};
		0F81E2CD1C73499500AC5B80 /* LaunchScreen.storyboard */ = {
			isa = PBXVariantGroup;
			children = (
				0F81E2CE1C73499500AC5B80 /* Base */,
			);
			name = LaunchScreen.storyboard;
			sourceTree = "<group>";
		};
/* End PBXVariantGroup section */

/* Begin XCBuildConfiguration section */
		0F81E2D11C73499500AC5B80 /* Debug */ = {
			isa = XCBuildConfiguration;
			buildSettings = {
				ALWAYS_SEARCH_USER_PATHS = NO;
				CLANG_CXX_LANGUAGE_STANDARD = "gnu++0x";
				CLANG_CXX_LIBRARY = "libc++";
				CLANG_ENABLE_MODULES = YES;
				CLANG_ENABLE_OBJC_ARC = YES;
				CLANG_WARN_BOOL_CONVERSION = YES;
				CLANG_WARN_CONSTANT_CONVERSION = YES;
				CLANG_WARN_DIRECT_OBJC_ISA_USAGE = YES_ERROR;
				CLANG_WARN_EMPTY_BODY = YES;
				CLANG_WARN_ENUM_CONVERSION = YES;
				CLANG_WARN_INT_CONVERSION = YES;
				CLANG_WARN_OBJC_ROOT_CLASS = YES_ERROR;
				CLANG_WARN_UNREACHABLE_CODE = YES;
				CLANG_WARN__DUPLICATE_METHOD_MATCH = YES;
				"CODE_SIGN_IDENTITY[sdk=iphoneos*]" = "iPhone Developer";
				COPY_PHASE_STRIP = NO;
				DEBUG_INFORMATION_FORMAT = dwarf;
				ENABLE_STRICT_OBJC_MSGSEND = YES;
				ENABLE_TESTABILITY = YES;
				GCC_C_LANGUAGE_STANDARD = gnu99;
				GCC_DYNAMIC_NO_PIC = NO;
				GCC_NO_COMMON_BLOCKS = YES;
				GCC_OPTIMIZATION_LEVEL = 0;
				GCC_PREPROCESSOR_DEFINITIONS = (
					"DEBUG=1",
					"$(inherited)",
				);
				GCC_WARN_64_TO_32_BIT_CONVERSION = YES;
				GCC_WARN_ABOUT_RETURN_TYPE = YES_ERROR;
				GCC_WARN_UNDECLARED_SELECTOR = YES;
				GCC_WARN_UNINITIALIZED_AUTOS = YES_AGGRESSIVE;
				GCC_WARN_UNUSED_FUNCTION = YES;
				GCC_WARN_UNUSED_VARIABLE = YES;
				IPHONEOS_DEPLOYMENT_TARGET = 9.2;
				MTL_ENABLE_DEBUG_INFO = YES;
				ONLY_ACTIVE_ARCH = YES;
				SDKROOT = iphoneos;
			};
			name = Debug;
		};
		0F81E2D21C73499500AC5B80 /* Release */ = {
			isa = XCBuildConfiguration;
			buildSettings = {
				ALWAYS_SEARCH_USER_PATHS = NO;
				CLANG_CXX_LANGUAGE_STANDARD = "gnu++0x";
				CLANG_CXX_LIBRARY = "libc++";
				CLANG_ENABLE_MODULES = YES;
				CLANG_ENABLE_OBJC_ARC = YES;
				CLANG_WARN_BOOL_CONVERSION = YES;
				CLANG_WARN_CONSTANT_CONVERSION = YES;
				CLANG_WARN_DIRECT_OBJC_ISA_USAGE = YES_ERROR;
				CLANG_WARN_EMPTY_BODY = YES;
				CLANG_WARN_ENUM_CONVERSION = YES;
				CLANG_WARN_INT_CONVERSION = YES;
				CLANG_WARN_OBJC_ROOT_CLASS = YES_ERROR;
				CLANG_WARN_UNREACHABLE_CODE = YES;
				CLANG_WARN__DUPLICATE_METHOD_MATCH = YES;
				"CODE_SIGN_IDENTITY[sdk=iphoneos*]" = "iPhone Developer";
				COPY_PHASE_STRIP = NO;
				DEBUG_INFORMATION_FORMAT = "dwarf-with-dsym";
				ENABLE_NS_ASSERTIONS = NO;
				ENABLE_STRICT_OBJC_MSGSEND = YES;
				GCC_C_LANGUAGE_STANDARD = gnu99;
				GCC_NO_COMMON_BLOCKS = YES;
				GCC_WARN_64_TO_32_BIT_CONVERSION = YES;
				GCC_WARN_ABOUT_RETURN_TYPE = YES_ERROR;
				GCC_WARN_UNDECLARED_SELECTOR = YES;
				GCC_WARN_UNINITIALIZED_AUTOS = YES_AGGRESSIVE;
				GCC_WARN_UNUSED_FUNCTION = YES;
				GCC_WARN_UNUSED_VARIABLE = YES;
				IPHONEOS_DEPLOYMENT_TARGET = 9.2;
				MTL_ENABLE_DEBUG_INFO = NO;
				SDKROOT = iphoneos;
				VALIDATE_PRODUCT = YES;
			};
			name = Release;
		};
		0F81E2D41C73499500AC5B80 /* Debug */ = {
			isa = XCBuildConfiguration;
			buildSettings = {
				ASSETCATALOG_COMPILER_APPICON_NAME = AppIcon;
				INFOPLIST_FILE = "03-base64加密/Info.plist";
				LD_RUNPATH_SEARCH_PATHS = "$(inherited) @executable_path/Frameworks";
				PRODUCT_BUNDLE_IDENTIFIER = "com.wpfConpany.-3-base64--";
				PRODUCT_NAME = "$(TARGET_NAME)";
			};
			name = Debug;
		};
		0F81E2D51C73499500AC5B80 /* Release */ = {
			isa = XCBuildConfiguration;
			buildSettings = {
				ASSETCATALOG_COMPILER_APPICON_NAME = AppIcon;
				INFOPLIST_FILE = "03-base64加密/Info.plist";
				LD_RUNPATH_SEARCH_PATHS = "$(inherited) @executable_path/Frameworks";
				PRODUCT_BUNDLE_IDENTIFIER = "com.wpfConpany.-3-base64--";
				PRODUCT_NAME = "$(TARGET_NAME)";
			};
			name = Release;
		};
/* End XCBuildConfiguration section */

/* Begin XCConfigurationList section */
		0F81E2B71C73499400AC5B80 /* Build configuration list for PBXProject "03-base64加密" */ = {
			isa = XCConfigurationList;
			buildConfigurations = (
				0F81E2D11C73499500AC5B80 /* Debug */,
				0F81E2D21C73499500AC5B80 /* Release */,
			);
			defaultConfigurationIsVisible = 0;
			defaultConfigurationName = Release;
		};
		0F81E2D31C73499500AC5B80 /* Build configuration list for PBXNativeTarget "03-base64加密" */ = {
			isa = XCConfigurationList;
			buildConfigurations = (
				0F81E2D41C73499500AC5B80 /* Debug */,
				0F81E2D51C73499500AC5B80 /* Release */,
			);
			defaultConfigurationIsVisible = 0;
		};
/* End XCConfigurationList section */
	};
	rootObject = 0F81E2B41C73499400AC5B80 /* Project object */;
}
