// !$*UTF8*$!
{
	archiveVersion = 1;
	classes = {
	};
	objectVersion = 46;
	objects = {

/* Begin PBXBuildFile section */
		0F81E29E1C733FF000AC5B80 /* main.m in Sources */ = {isa = PBXBuildFile; fileRef = 0F81E29D1C733FF000AC5B80 /* main.m */; };
		0F81E2A11C733FF000AC5B80 /* AppDelegate.m in Sources */ = {isa = PBXBuildFile; fileRef = 0F81E2A01C733FF000AC5B80 /* AppDelegate.m */; };
		0F81E2A41C733FF000AC5B80 /* ViewController.m in Sources */ = {isa = PBXBuildFile; fileRef = 0F81E2A31C733FF000AC5B80 /* ViewController.m */; };
		0F81E2A71C733FF000AC5B80 /* Main.storyboard in Resources */ = {isa = PBXBuildFile; fileRef = 0F81E2A51C733FF000AC5B80 /* Main.storyboard */; };
		0F81E2A91C733FF000AC5B80 /* Assets.xcassets in Resources */ = {isa = PBXBuildFile; fileRef = 0F81E2A81C733FF000AC5B80 /* Assets.xcassets */; };
		0F81E2AC1C733FF000AC5B80 /* LaunchScreen.storyboard in Resources */ = {isa = PBXBuildFile; fileRef = 0F81E2AA1C733FF000AC5B80 /* LaunchScreen.storyboard */; };
/* End PBXBuildFile section */

/* Begin PBXFileReference section */
		0F81E2991C733FF000AC5B80 /* 02-POST请求(附带参数).app */ = {isa = PBXFileReference; explicitFileType = wrapper.application; includeInIndex = 0; path = "02-POST请求(附带参数).app"; sourceTree = BUILT_PRODUCTS_DIR; };
		0F81E29D1C733FF000AC5B80 /* main.m */ = {isa = PBXFileReference; lastKnownFileType = sourcecode.c.objc; path = main.m; sourceTree = "<group>"; };
		0F81E29F1C733FF000AC5B80 /* AppDelegate.h */ = {isa = PBXFileReference; lastKnownFileType = sourcecode.c.h; path = AppDelegate.h; sourceTree = "<group>"; };
		0F81E2A01C733FF000AC5B80 /* AppDelegate.m */ = {isa = PBXFileReference; lastKnownFileType = sourcecode.c.objc; path = AppDelegate.m; sourceTree = "<group>"; };
		0F81E2A21C733FF000AC5B80 /* ViewController.h */ = {isa = PBXFileReference; lastKnownFileType = sourcecode.c.h; path = ViewController.h; sourceTree = "<group>"; };
		0F81E2A31C733FF000AC5B80 /* ViewController.m */ = {isa = PBXFileReference; lastKnownFileType = sourcecode.c.objc; path = ViewController.m; sourceTree = "<group>"; };
		0F81E2A61C733FF000AC5B80 /* Base */ = {isa = PBXFileReference; lastKnownFileType = file.storyboard; name = Base; path = Base.lproj/Main.storyboard; sourceTree = "<group>"; };
		0F81E2A81C733FF000AC5B80 /* Assets.xcassets */ = {isa = PBXFileReference; lastKnownFileType = folder.assetcatalog; path = Assets.xcassets; sourceTree = "<group>"; };
		0F81E2AB1C733FF000AC5B80 /* Base */ = {isa = PBXFileReference; lastKnownFileType = file.storyboard; name = Base; path = Base.lproj/LaunchScreen.storyboard; sourceTree = "<group>"; };
		0F81E2AD1C733FF000AC5B80 /* Info.plist */ = {isa = PBXFileReference; lastKnownFileType = text.plist.xml; path = Info.plist; sourceTree = "<group>"; };
/* End PBXFileReference section */

/* Begin PBXFrameworksBuildPhase section */
		0F81E2961C733FF000AC5B80 /* Frameworks */ = {
			isa = PBXFrameworksBuildPhase;
			buildActionMask = 2147483647;
			files = (
			);
			runOnlyForDeploymentPostprocessing = 0;
		};
/* End PBXFrameworksBuildPhase section */

/* Begin PBXGroup section */
		0F81E2901C733FF000AC5B80 = {
			isa = PBXGroup;
			children = (
				0F81E29B1C733FF000AC5B80 /* 02-POST请求(附带参数) */,
				0F81E29A1C733FF000AC5B80 /* Products */,
			);
			sourceTree = "<group>";
		};
		0F81E29A1C733FF000AC5B80 /* Products */ = {
			isa = PBXGroup;
			children = (
				0F81E2991C733FF000AC5B80 /* 02-POST请求(附带参数).app */,
			);
			name = Products;
			sourceTree = "<group>";
		};
		0F81E29B1C733FF000AC5B80 /* 02-POST请求(附带参数) */ = {
			isa = PBXGroup;
			children = (
				0F81E29F1C733FF000AC5B80 /* AppDelegate.h */,
				0F81E2A01C733FF000AC5B80 /* AppDelegate.m */,
				0F81E2A21C733FF000AC5B80 /* ViewController.h */,
				0F81E2A31C733FF000AC5B80 /* ViewController.m */,
				0F81E2A51C733FF000AC5B80 /* Main.storyboard */,
				0F81E2A81C733FF000AC5B80 /* Assets.xcassets */,
				0F81E2AA1C733FF000AC5B80 /* LaunchScreen.storyboard */,
				0F81E2AD1C733FF000AC5B80 /* Info.plist */,
				0F81E29C1C733FF000AC5B80 /* Supporting Files */,
			);
			path = "02-POST请求(附带参数)";
			sourceTree = "<group>";
		};
		0F81E29C1C733FF000AC5B80 /* Supporting Files */ = {
			isa = PBXGroup;
			children = (
				0F81E29D1C733FF000AC5B80 /* main.m */,
			);
			name = "Supporting Files";
			sourceTree = "<group>";
		};
/* End PBXGroup section */

/* Begin PBXNativeTarget section */
		0F81E2981C733FF000AC5B80 /* 02-POST请求(附带参数) */ = {
			isa = PBXNativeTarget;
			buildConfigurationList = 0F81E2B01C733FF000AC5B80 /* Build configuration list for PBXNativeTarget "02-POST请求(附带参数)" */;
			buildPhases = (
				0F81E2951C733FF000AC5B80 /* Sources */,
				0F81E2961C733FF000AC5B80 /* Frameworks */,
				0F81E2971C733FF000AC5B80 /* Resources */,
			);
			buildRules = (
			);
			dependencies = (
			);
			name = "02-POST请求(附带参数)";
			productName = "02-POST请求(附带参数)";
			productReference = 0F81E2991C733FF000AC5B80 /* 02-POST请求(附带参数).app */;
			productType = "com.apple.product-type.application";
		};
/* End PBXNativeTarget section */

/* Begin PBXProject section */
		0F81E2911C733FF000AC5B80 /* Project object */ = {
			isa = PBXProject;
			attributes = {
				LastUpgradeCheck = 0720;
				ORGANIZATIONNAME = "王鹏飞";
				TargetAttributes = {
					0F81E2981C733FF000AC5B80 = {
						CreatedOnToolsVersion = 7.2;
						DevelopmentTeam = ST685X75RG;
					};
				};
			};
			buildConfigurationList = 0F81E2941C733FF000AC5B80 /* Build configuration list for PBXProject "02-POST请求(附带参数)" */;
			compatibilityVersion = "Xcode 3.2";
			developmentRegion = English;
			hasScannedForEncodings = 0;
			knownRegions = (
				en,
				Base,
			);
			mainGroup = 0F81E2901C733FF000AC5B80;
			productRefGroup = 0F81E29A1C733FF000AC5B80 /* Products */;
			projectDirPath = "";
			projectRoot = "";
			targets = (
				0F81E2981C733FF000AC5B80 /* 02-POST请求(附带参数) */,
			);
		};
/* End PBXProject section */

/* Begin PBXResourcesBuildPhase section */
		0F81E2971C733FF000AC5B80 /* Resources */ = {
			isa = PBXResourcesBuildPhase;
			buildActionMask = 2147483647;
			files = (
				0F81E2AC1C733FF000AC5B80 /* LaunchScreen.storyboard in Resources */,
				0F81E2A91C733FF000AC5B80 /* Assets.xcassets in Resources */,
				0F81E2A71C733FF000AC5B80 /* Main.storyboard in Resources */,
			);
			runOnlyForDeploymentPostprocessing = 0;
		};
/* End PBXResourcesBuildPhase section */

/* Begin PBXSourcesBuildPhase section */
		0F81E2951C733FF000AC5B80 /* Sources */ = {
			isa = PBXSourcesBuildPhase;
			buildActionMask = 2147483647;
			files = (
				0F81E2A41C733FF000AC5B80 /* ViewController.m in Sources */,
				0F81E2A11C733FF000AC5B80 /* AppDelegate.m in Sources */,
				0F81E29E1C733FF000AC5B80 /* main.m in Sources */,
			);
			runOnlyForDeploymentPostprocessing = 0;
		};
/* End PBXSourcesBuildPhase section */

/* Begin PBXVariantGroup section */
		0F81E2A51C733FF000AC5B80 /* Main.storyboard */ = {
			isa = PBXVariantGroup;
			children = (
				0F81E2A61C733FF000AC5B80 /* Base */,
			);
			name = Main.storyboard;
			sourceTree = "<group>";
		};
		0F81E2AA1C733FF000AC5B80 /* LaunchScreen.storyboard */ = {
			isa = PBXVariantGroup;
			children = (
				0F81E2AB1C733FF000AC5B80 /* Base */,
			);
			name = LaunchScreen.storyboard;
			sourceTree = "<group>";
		};
/* End PBXVariantGroup section */

/* Begin XCBuildConfiguration section */
		0F81E2AE1C733FF000AC5B80 /* Debug */ = {
			isa = XCBuildConfiguration;
			buildSettings = {
				ALWAYS_SEARCH_USER_PATHS = NO;
				CLANG_CXX_LANGUAGE_STANDARD = "gnu++0x";
				CLANG_CXX_LIBRARY = "libc++";
				CLANG_ENABLE_MODULES = YES;
				CLANG_ENABLE_OBJC_ARC = YES;
				CLANG_WARN_BOOL_CONVERSION = YES;
				CLANG_WARN_CONSTANT_CONVERSION = YES;
				CLANG_WARN_DIRECT_OBJC_ISA_USAGE = YES_ERROR;
				CLANG_WARN_EMPTY_BODY = YES;
				CLANG_WARN_ENUM_CONVERSION = YES;
				CLANG_WARN_INT_CONVERSION = YES;
				CLANG_WARN_OBJC_ROOT_CLASS = YES_ERROR;
				CLANG_WARN_UNREACHABLE_CODE = YES;
				CLANG_WARN__DUPLICATE_METHOD_MATCH = YES;
				"CODE_SIGN_IDENTITY[sdk=iphoneos*]" = "iPhone Developer";
				COPY_PHASE_STRIP = NO;
				DEBUG_INFORMATION_FORMAT = dwarf;
				ENABLE_STRICT_OBJC_MSGSEND = YES;
				ENABLE_TESTABILITY = YES;
				GCC_C_LANGUAGE_STANDARD = gnu99;
				GCC_DYNAMIC_NO_PIC = NO;
				GCC_NO_COMMON_BLOCKS = YES;
				GCC_OPTIMIZATION_LEVEL = 0;
				GCC_PREPROCESSOR_DEFINITIONS = (
					"DEBUG=1",
					"$(inherited)",
				);
				GCC_WARN_64_TO_32_BIT_CONVERSION = YES;
				GCC_WARN_ABOUT_RETURN_TYPE = YES_ERROR;
				GCC_WARN_UNDECLARED_SELECTOR = YES;
				GCC_WARN_UNINITIALIZED_AUTOS = YES_AGGRESSIVE;
				GCC_WARN_UNUSED_FUNCTION = YES;
				GCC_WARN_UNUSED_VARIABLE = YES;
				IPHONEOS_DEPLOYMENT_TARGET = 9.2;
				MTL_ENABLE_DEBUG_INFO = YES;
				ONLY_ACTIVE_ARCH = YES;
				SDKROOT = iphoneos;
			};
			name = Debug;
		};
		0F81E2AF1C733FF000AC5B80 /* Release */ = {
			isa = XCBuildConfiguration;
			buildSettings = {
				ALWAYS_SEARCH_USER_PATHS = NO;
				CLANG_CXX_LANGUAGE_STANDARD = "gnu++0x";
				CLANG_CXX_LIBRARY = "libc++";
				CLANG_ENABLE_MODULES = YES;
				CLANG_ENABLE_OBJC_ARC = YES;
				CLANG_WARN_BOOL_CONVERSION = YES;
				CLANG_WARN_CONSTANT_CONVERSION = YES;
				CLANG_WARN_DIRECT_OBJC_ISA_USAGE = YES_ERROR;
				CLANG_WARN_EMPTY_BODY = YES;
				CLANG_WARN_ENUM_CONVERSION = YES;
				CLANG_WARN_INT_CONVERSION = YES;
				CLANG_WARN_OBJC_ROOT_CLASS = YES_ERROR;
				CLANG_WARN_UNREACHABLE_CODE = YES;
				CLANG_WARN__DUPLICATE_METHOD_MATCH = YES;
				"CODE_SIGN_IDENTITY[sdk=iphoneos*]" = "iPhone Developer";
				COPY_PHASE_STRIP = NO;
				DEBUG_INFORMATION_FORMAT = "dwarf-with-dsym";
				ENABLE_NS_ASSERTIONS = NO;
				ENABLE_STRICT_OBJC_MSGSEND = YES;
				GCC_C_LANGUAGE_STANDARD = gnu99;
				GCC_NO_COMMON_BLOCKS = YES;
				GCC_WARN_64_TO_32_BIT_CONVERSION = YES;
				GCC_WARN_ABOUT_RETURN_TYPE = YES_ERROR;
				GCC_WARN_UNDECLARED_SELECTOR = YES;
				GCC_WARN_UNINITIALIZED_AUTOS = YES_AGGRESSIVE;
				GCC_WARN_UNUSED_FUNCTION = YES;
				GCC_WARN_UNUSED_VARIABLE = YES;
				IPHONEOS_DEPLOYMENT_TARGET = 9.2;
				MTL_ENABLE_DEBUG_INFO = NO;
				SDKROOT = iphoneos;
				VALIDATE_PRODUCT = YES;
			};
			name = Release;
		};
		0F81E2B11C733FF000AC5B80 /* Debug */ = {
			isa = XCBuildConfiguration;
			buildSettings = {
				ASSETCATALOG_COMPILER_APPICON_NAME = AppIcon;
				INFOPLIST_FILE = "02-POST请求(附带参数)/Info.plist";
				LD_RUNPATH_SEARCH_PATHS = "$(inherited) @executable_path/Frameworks";
				PRODUCT_BUNDLE_IDENTIFIER = "com.wpfConpany.-2-POST--------";
				PRODUCT_NAME = "$(TARGET_NAME)";
			};
			name = Debug;
		};
		0F81E2B21C733FF000AC5B80 /* Release */ = {
			isa = XCBuildConfiguration;
			buildSettings = {
				ASSETCATALOG_COMPILER_APPICON_NAME = AppIcon;
				INFOPLIST_FILE = "02-POST请求(附带参数)/Info.plist";
				LD_RUNPATH_SEARCH_PATHS = "$(inherited) @executable_path/Frameworks";
				PRODUCT_BUNDLE_IDENTIFIER = "com.wpfConpany.-2-POST--------";
				PRODUCT_NAME = "$(TARGET_NAME)";
			};
			name = Release;
		};
/* End XCBuildConfiguration section */

/* Begin XCConfigurationList section */
		0F81E2941C733FF000AC5B80 /* Build configuration list for PBXProject "02-POST请求(附带参数)" */ = {
			isa = XCConfigurationList;
			buildConfigurations = (
				0F81E2AE1C733FF000AC5B80 /* Debug */,
				0F81E2AF1C733FF000AC5B80 /* Release */,
			);
			defaultConfigurationIsVisible = 0;
			defaultConfigurationName = Release;
		};
		0F81E2B01C733FF000AC5B80 /* Build configuration list for PBXNativeTarget "02-POST请求(附带参数)" */ = {
			isa = XCConfigurationList;
			buildConfigurations = (
				0F81E2B11C733FF000AC5B80 /* Debug */,
				0F81E2B21C733FF000AC5B80 /* Release */,
			);
			defaultConfigurationIsVisible = 0;
		};
/* End XCConfigurationList section */
	};
	rootObject = 0F81E2911C733FF000AC5B80 /* Project object */;
}
